
Microsoft Visual Studio Solution File, Format Version 12.00
# Visual Studio Version 16
VisualStudioVersion = 16.0.30523.141
MinimumVisualStudioVersion = 10.0.40219.1
Project("{FAE04EC0-301F-11D3-BF4B-00C04F79EFBC}") = "Automobiles_Store_FRONT_END", "Automobiles_Store_FRONT_END\Automobiles_Store_FRONT_END.csproj", "{18EF36DD-5FB7-4B5A-8386-9B1B1C83541E}"
EndProject
Project("{2150E333-8FDC-42A3-9474-1A3956D46DE8}") = "1_BACK_END_PART", "1_BACK_END_PART", "{3F999D89-7239-4190-9CAE-FEA8D4FFF408}"
EndProject
Project("{2150E333-8FDC-42A3-9474-1A3956D46DE8}") = "2_FRONT_END_PART", "2_FRONT_END_PART", "{75335B54-312F-49D5-9E51-530CB31B7110}"
EndProject
Project("{2150E333-8FDC-42A3-9474-1A3956D46DE8}") = "MY_SQL_PART", "MY_SQL_PART", "{3A1D171D-C442-4C7F-AE62-C0C9F8BC5538}"
EndProject
Project("{2150E333-8FDC-42A3-9474-1A3956D46DE8}") = "TEXT_FILE_PART", "TEXT_FILE_PART", "{DC2B2D6C-FCA3-4FB3-94F5-71E7272D313E}"
EndProject
Project("{9A19103F-16F7-4668-BE54-9A1E7A4F7556}") = "Automobiles_Store_BACK_END_With_MY_SQL", "Automobiles_Store_BACK_END_With_MY_SQL\Automobiles_Store_BACK_END_With_MY_SQL.csproj", "{CA8504FA-141E-4D2F-B4B2-6AF1E2259D27}"
EndProject
Project("{9A19103F-16F7-4668-BE54-9A1E7A4F7556}") = "DATA_ACCES", "DATA_ACCES\DATA_ACCES.csproj", "{00A7DE2E-DF6F-4DBA-9002-14B71D21F742}"
EndProject
Project("{9A19103F-16F7-4668-BE54-9A1E7A4F7556}") = "Automobiles_Store_BACK_END_With_MY_SQL_TESTS", "Automobiles_Store_BACK_END_With_MY_SQL_TESTS\Automobiles_Store_BACK_END_With_MY_SQL_TESTS.csproj", "{373F5517-291D-413B-B74B-9945BB150FD8}"
EndProject
Project("{2150E333-8FDC-42A3-9474-1A3956D46DE8}") = "GENERIC_COLLECTIONS_PART", "GENERIC_COLLECTIONS_PART", "{4F4C86ED-3057-431C-9F78-061BEFB5C839}"
EndProject
Project("{9A19103F-16F7-4668-BE54-9A1E7A4F7556}") = "GENERIC_COLLECTIONS", "..\..\..\GENERIC_COLLECTIONS\GENERIC_COLLECTIONS\GENERIC_COLLECTIONS.csproj", "{86816DC7-B323-4375-A188-91CAC5B677E5}"
EndProject
Project("{9A19103F-16F7-4668-BE54-9A1E7A4F7556}") = "TEST_REPORTS", "..\..\..\GENERIC_COLLECTIONS\TEST_REPORTS\TEST_REPORTS.csproj", "{D003FD8B-9E1D-4442-A59A-4309774BACBF}"
EndProject
Project("{2150E333-8FDC-42A3-9474-1A3956D46DE8}") = "DATA_CONTROL", "DATA_CONTROL", "{0629FA82-7D75-4266-8E75-39D2AB6D5FC2}"
EndProject
Project("{9A19103F-16F7-4668-BE54-9A1E7A4F7556}") = "Automobiles_Store_BACK_END_With_TEXT_FILE", "Automobiles_Store_BACK_END_With_TEXT_FILE\Automobiles_Store_BACK_END_With_TEXT_FILE.csproj", "{A245BC68-D21C-4F43-A1CC-5CAA331DF2C4}"
EndProject
Project("{9A19103F-16F7-4668-BE54-9A1E7A4F7556}") = "Automobiles_Store_BACK_END_With_TEXT_FILE_TESTS", "Automobiles_Store_BACK_END_With_TEXT_FILE_TESTS\Automobiles_Store_BACK_END_With_TEXT_FILE_TESTS.csproj", "{DA67E5D0-8E3F-4A88-AEF9-DE474C31B728}"
EndProject
Project("{2150E333-8FDC-42A3-9474-1A3956D46DE8}") = "FRONT_END", "FRONT_END", "{6F474E5E-70C7-4A91-9FC9-772992CEE860}"
EndProject
Project("{2150E333-8FDC-42A3-9474-1A3956D46DE8}") = "MOCKUPS", "MOCKUPS", "{1CB11307-45E4-4076-B8DA-CB055386DAAF}"
EndProject
Global
	GlobalSection(SolutionConfigurationPlatforms) = preSolution
		Debug|Any CPU = Debug|Any CPU
		Release|Any CPU = Release|Any CPU
	EndGlobalSection
	GlobalSection(ProjectConfigurationPlatforms) = postSolution
		{18EF36DD-5FB7-4B5A-8386-9B1B1C83541E}.Debug|Any CPU.ActiveCfg = Debug|Any CPU
		{18EF36DD-5FB7-4B5A-8386-9B1B1C83541E}.Debug|Any CPU.Build.0 = Debug|Any CPU
		{18EF36DD-5FB7-4B5A-8386-9B1B1C83541E}.Release|Any CPU.ActiveCfg = Release|Any CPU
		{18EF36DD-5FB7-4B5A-8386-9B1B1C83541E}.Release|Any CPU.Build.0 = Release|Any CPU
		{CA8504FA-141E-4D2F-B4B2-6AF1E2259D27}.Debug|Any CPU.ActiveCfg = Debug|Any CPU
		{CA8504FA-141E-4D2F-B4B2-6AF1E2259D27}.Debug|Any CPU.Build.0 = Debug|Any CPU
		{CA8504FA-141E-4D2F-B4B2-6AF1E2259D27}.Release|Any CPU.ActiveCfg = Release|Any CPU
		{CA8504FA-141E-4D2F-B4B2-6AF1E2259D27}.Release|Any CPU.Build.0 = Release|Any CPU
		{00A7DE2E-DF6F-4DBA-9002-14B71D21F742}.Debug|Any CPU.ActiveCfg = Debug|Any CPU
		{00A7DE2E-DF6F-4DBA-9002-14B71D21F742}.Debug|Any CPU.Build.0 = Debug|Any CPU
		{00A7DE2E-DF6F-4DBA-9002-14B71D21F742}.Release|Any CPU.ActiveCfg = Release|Any CPU
		{00A7DE2E-DF6F-4DBA-9002-14B71D21F742}.Release|Any CPU.Build.0 = Release|Any CPU
		{373F5517-291D-413B-B74B-9945BB150FD8}.Debug|Any CPU.ActiveCfg = Debug|Any CPU
		{373F5517-291D-413B-B74B-9945BB150FD8}.Debug|Any CPU.Build.0 = Debug|Any CPU
		{373F5517-291D-413B-B74B-9945BB150FD8}.Release|Any CPU.ActiveCfg = Release|Any CPU
		{373F5517-291D-413B-B74B-9945BB150FD8}.Release|Any CPU.Build.0 = Release|Any CPU
		{86816DC7-B323-4375-A188-91CAC5B677E5}.Debug|Any CPU.ActiveCfg = Debug|Any CPU
		{86816DC7-B323-4375-A188-91CAC5B677E5}.Debug|Any CPU.Build.0 = Debug|Any CPU
		{86816DC7-B323-4375-A188-91CAC5B677E5}.Release|Any CPU.ActiveCfg = Release|Any CPU
		{86816DC7-B323-4375-A188-91CAC5B677E5}.Release|Any CPU.Build.0 = Release|Any CPU
		{D003FD8B-9E1D-4442-A59A-4309774BACBF}.Debug|Any CPU.ActiveCfg = Debug|Any CPU
		{D003FD8B-9E1D-4442-A59A-4309774BACBF}.Debug|Any CPU.Build.0 = Debug|Any CPU
		{D003FD8B-9E1D-4442-A59A-4309774BACBF}.Release|Any CPU.ActiveCfg = Release|Any CPU
		{D003FD8B-9E1D-4442-A59A-4309774BACBF}.Release|Any CPU.Build.0 = Release|Any CPU
		{A245BC68-D21C-4F43-A1CC-5CAA331DF2C4}.Debug|Any CPU.ActiveCfg = Debug|Any CPU
		{A245BC68-D21C-4F43-A1CC-5CAA331DF2C4}.Debug|Any CPU.Build.0 = Debug|Any CPU
		{A245BC68-D21C-4F43-A1CC-5CAA331DF2C4}.Release|Any CPU.ActiveCfg = Release|Any CPU
		{A245BC68-D21C-4F43-A1CC-5CAA331DF2C4}.Release|Any CPU.Build.0 = Release|Any CPU
		{DA67E5D0-8E3F-4A88-AEF9-DE474C31B728}.Debug|Any CPU.ActiveCfg = Debug|Any CPU
		{DA67E5D0-8E3F-4A88-AEF9-DE474C31B728}.Debug|Any CPU.Build.0 = Debug|Any CPU
		{DA67E5D0-8E3F-4A88-AEF9-DE474C31B728}.Release|Any CPU.ActiveCfg = Release|Any CPU
		{DA67E5D0-8E3F-4A88-AEF9-DE474C31B728}.Release|Any CPU.Build.0 = Release|Any CPU
	EndGlobalSection
	GlobalSection(SolutionProperties) = preSolution
		HideSolutionNode = FALSE
	EndGlobalSection
	GlobalSection(NestedProjects) = preSolution
		{18EF36DD-5FB7-4B5A-8386-9B1B1C83541E} = {6F474E5E-70C7-4A91-9FC9-772992CEE860}
		{3A1D171D-C442-4C7F-AE62-C0C9F8BC5538} = {3F999D89-7239-4190-9CAE-FEA8D4FFF408}
		{DC2B2D6C-FCA3-4FB3-94F5-71E7272D313E} = {3F999D89-7239-4190-9CAE-FEA8D4FFF408}
		{CA8504FA-141E-4D2F-B4B2-6AF1E2259D27} = {3A1D171D-C442-4C7F-AE62-C0C9F8BC5538}
		{00A7DE2E-DF6F-4DBA-9002-14B71D21F742} = {3A1D171D-C442-4C7F-AE62-C0C9F8BC5538}
		{373F5517-291D-413B-B74B-9945BB150FD8} = {3A1D171D-C442-4C7F-AE62-C0C9F8BC5538}
		{4F4C86ED-3057-431C-9F78-061BEFB5C839} = {DC2B2D6C-FCA3-4FB3-94F5-71E7272D313E}
		{86816DC7-B323-4375-A188-91CAC5B677E5} = {4F4C86ED-3057-431C-9F78-061BEFB5C839}
		{D003FD8B-9E1D-4442-A59A-4309774BACBF} = {4F4C86ED-3057-431C-9F78-061BEFB5C839}
		{0629FA82-7D75-4266-8E75-39D2AB6D5FC2} = {DC2B2D6C-FCA3-4FB3-94F5-71E7272D313E}
		{A245BC68-D21C-4F43-A1CC-5CAA331DF2C4} = {0629FA82-7D75-4266-8E75-39D2AB6D5FC2}
		{DA67E5D0-8E3F-4A88-AEF9-DE474C31B728} = {0629FA82-7D75-4266-8E75-39D2AB6D5FC2}
		{6F474E5E-70C7-4A91-9FC9-772992CEE860} = {75335B54-312F-49D5-9E51-530CB31B7110}
		{1CB11307-45E4-4076-B8DA-CB055386DAAF} = {75335B54-312F-49D5-9E51-530CB31B7110}
	EndGlobalSection
	GlobalSection(ExtensibilityGlobals) = postSolution
		SolutionGuid = {44BB75C3-E54C-4087-AEEF-9376679E44E3}
	EndGlobalSection
EndGlobal
